
Microsoft Visual Studio Solution File, Format Version 12.00
# Visual Studio Version 16
VisualStudioVersion = 16.0.30907.101
MinimumVisualStudioVersion = 10.0.40219.1
Project("{2150E333-8FDC-42A3-9474-1A3956D46DE8}") = "Services", "Services", "{33068D69-47E0-4E9C-BF15-749408949CBC}"
EndProject
Project("{2150E333-8FDC-42A3-9474-1A3956D46DE8}") = "UI", "UI", "{A14BCEAC-34CF-4AFB-8BF2-D00F02C7D974}"
EndProject
Project("{2150E333-8FDC-42A3-9474-1A3956D46DE8}") = "Common", "Common", "{568C7E32-574C-400C-B195-405AECDBDC10}"
EndProject
Project("{9A19103F-16F7-4668-BE54-9A1E7A4F7556}") = "WebStore.Domain", "Common\WebStore.Domain\WebStore.Domain.csproj", "{B35EB2BE-4123-4A81-B9E1-7FB09E2B536D}"
EndProject
Project("{9A19103F-16F7-4668-BE54-9A1E7A4F7556}") = "WebStore", "UI\WebStore\WebStore.csproj", "{1E48C3A0-387E-47A6-9E9F-753F31B8AB57}"
EndProject
Project("{2150E333-8FDC-42A3-9474-1A3956D46DE8}") = "Data", "Data", "{0ABCACEE-3352-4894-80F5-03C0759B4F61}"
EndProject
Project("{9A19103F-16F7-4668-BE54-9A1E7A4F7556}") = "WebStore.DAL", "Data\WebStore.DAL\WebStore.DAL.csproj", "{71D7C9A0-77A1-456E-9538-71FB4517DF73}"
EndProject
Project("{9A19103F-16F7-4668-BE54-9A1E7A4F7556}") = "WebStore.DAL.Sqlite", "Data\WebStore.DAL.Sqlite\WebStore.DAL.Sqlite.csproj", "{A7FB2104-EE4A-4128-AA81-0B9DECED7CAB}"
EndProject
Project("{9A19103F-16F7-4668-BE54-9A1E7A4F7556}") = "WebStore.Interfaces", "Services\WebStore.Interfaces\WebStore.Interfaces.csproj", "{77409E89-A151-4213-B2A2-AE209DC6F4EA}"
EndProject
Project("{9A19103F-16F7-4668-BE54-9A1E7A4F7556}") = "WebStore.Services", "Services\Webstore.Services\WebStore.Services.csproj", "{19F1962B-799D-454A-82AA-F94751D582AA}"
EndProject
Project("{9A19103F-16F7-4668-BE54-9A1E7A4F7556}") = "WebStore.WebAPI", "Services\WebStore.WebAPI\WebStore.WebAPI.csproj", "{07E845B7-51B6-4574-97FA-2EE2AAEA5C1A}"
EndProject
Project("{9A19103F-16F7-4668-BE54-9A1E7A4F7556}") = "WebStore.WebAPI.Clients", "Services\WebStore.WebAPI.Clients\WebStore.WebAPI.Clients.csproj", "{FCAC95AB-33EB-45AA-9465-F9F24B468C16}"
EndProject
Project("{FAE04EC0-301F-11D3-BF4B-00C04F79EFBC}") = "WebStore.Logger", "Common\WebStore.Logger\WebStore.Logger.csproj", "{0C12E545-D3B4-455F-A3C2-EC061117F8FB}"
EndProject
Global
	GlobalSection(SolutionConfigurationPlatforms) = preSolution
		Debug|Any CPU = Debug|Any CPU
		Release|Any CPU = Release|Any CPU
	EndGlobalSection
	GlobalSection(ProjectConfigurationPlatforms) = postSolution
		{B35EB2BE-4123-4A81-B9E1-7FB09E2B536D}.Debug|Any CPU.ActiveCfg = Debug|Any CPU
		{B35EB2BE-4123-4A81-B9E1-7FB09E2B536D}.Debug|Any CPU.Build.0 = Debug|Any CPU
		{B35EB2BE-4123-4A81-B9E1-7FB09E2B536D}.Release|Any CPU.ActiveCfg = Release|Any CPU
		{B35EB2BE-4123-4A81-B9E1-7FB09E2B536D}.Release|Any CPU.Build.0 = Release|Any CPU
		{1E48C3A0-387E-47A6-9E9F-753F31B8AB57}.Debug|Any CPU.ActiveCfg = Debug|Any CPU
		{1E48C3A0-387E-47A6-9E9F-753F31B8AB57}.Debug|Any CPU.Build.0 = Debug|Any CPU
		{1E48C3A0-387E-47A6-9E9F-753F31B8AB57}.Release|Any CPU.ActiveCfg = Release|Any CPU
		{1E48C3A0-387E-47A6-9E9F-753F31B8AB57}.Release|Any CPU.Build.0 = Release|Any CPU
		{71D7C9A0-77A1-456E-9538-71FB4517DF73}.Debug|Any CPU.ActiveCfg = Debug|Any CPU
		{71D7C9A0-77A1-456E-9538-71FB4517DF73}.Debug|Any CPU.Build.0 = Debug|Any CPU
		{71D7C9A0-77A1-456E-9538-71FB4517DF73}.Release|Any CPU.ActiveCfg = Release|Any CPU
		{71D7C9A0-77A1-456E-9538-71FB4517DF73}.Release|Any CPU.Build.0 = Release|Any CPU
		{A7FB2104-EE4A-4128-AA81-0B9DECED7CAB}.Debug|Any CPU.ActiveCfg = Debug|Any CPU
		{A7FB2104-EE4A-4128-AA81-0B9DECED7CAB}.Debug|Any CPU.Build.0 = Debug|Any CPU
		{A7FB2104-EE4A-4128-AA81-0B9DECED7CAB}.Release|Any CPU.ActiveCfg = Release|Any CPU
		{A7FB2104-EE4A-4128-AA81-0B9DECED7CAB}.Release|Any CPU.Build.0 = Release|Any CPU
		{77409E89-A151-4213-B2A2-AE209DC6F4EA}.Debug|Any CPU.ActiveCfg = Debug|Any CPU
		{77409E89-A151-4213-B2A2-AE209DC6F4EA}.Debug|Any CPU.Build.0 = Debug|Any CPU
		{77409E89-A151-4213-B2A2-AE209DC6F4EA}.Release|Any CPU.ActiveCfg = Release|Any CPU
		{77409E89-A151-4213-B2A2-AE209DC6F4EA}.Release|Any CPU.Build.0 = Release|Any CPU
		{19F1962B-799D-454A-82AA-F94751D582AA}.Debug|Any CPU.ActiveCfg = Debug|Any CPU
		{19F1962B-799D-454A-82AA-F94751D582AA}.Debug|Any CPU.Build.0 = Debug|Any CPU
		{19F1962B-799D-454A-82AA-F94751D582AA}.Release|Any CPU.ActiveCfg = Release|Any CPU
		{19F1962B-799D-454A-82AA-F94751D582AA}.Release|Any CPU.Build.0 = Release|Any CPU
		{07E845B7-51B6-4574-97FA-2EE2AAEA5C1A}.Debug|Any CPU.ActiveCfg = Debug|Any CPU
		{07E845B7-51B6-4574-97FA-2EE2AAEA5C1A}.Debug|Any CPU.Build.0 = Debug|Any CPU
		{07E845B7-51B6-4574-97FA-2EE2AAEA5C1A}.Release|Any CPU.ActiveCfg = Release|Any CPU
		{07E845B7-51B6-4574-97FA-2EE2AAEA5C1A}.Release|Any CPU.Build.0 = Release|Any CPU
		{FCAC95AB-33EB-45AA-9465-F9F24B468C16}.Debug|Any CPU.ActiveCfg = Debug|Any CPU
		{FCAC95AB-33EB-45AA-9465-F9F24B468C16}.Debug|Any CPU.Build.0 = Debug|Any CPU
		{FCAC95AB-33EB-45AA-9465-F9F24B468C16}.Release|Any CPU.ActiveCfg = Release|Any CPU
		{FCAC95AB-33EB-45AA-9465-F9F24B468C16}.Release|Any CPU.Build.0 = Release|Any CPU
		{0C12E545-D3B4-455F-A3C2-EC061117F8FB}.Debug|Any CPU.ActiveCfg = Debug|Any CPU
		{0C12E545-D3B4-455F-A3C2-EC061117F8FB}.Debug|Any CPU.Build.0 = Debug|Any CPU
		{0C12E545-D3B4-455F-A3C2-EC061117F8FB}.Release|Any CPU.ActiveCfg = Release|Any CPU
		{0C12E545-D3B4-455F-A3C2-EC061117F8FB}.Release|Any CPU.Build.0 = Release|Any CPU
	EndGlobalSection
	GlobalSection(SolutionProperties) = preSolution
		HideSolutionNode = FALSE
	EndGlobalSection
	GlobalSection(NestedProjects) = preSolution
		{B35EB2BE-4123-4A81-B9E1-7FB09E2B536D} = {568C7E32-574C-400C-B195-405AECDBDC10}
		{1E48C3A0-387E-47A6-9E9F-753F31B8AB57} = {A14BCEAC-34CF-4AFB-8BF2-D00F02C7D974}
		{71D7C9A0-77A1-456E-9538-71FB4517DF73} = {0ABCACEE-3352-4894-80F5-03C0759B4F61}
		{A7FB2104-EE4A-4128-AA81-0B9DECED7CAB} = {0ABCACEE-3352-4894-80F5-03C0759B4F61}
		{77409E89-A151-4213-B2A2-AE209DC6F4EA} = {33068D69-47E0-4E9C-BF15-749408949CBC}
		{19F1962B-799D-454A-82AA-F94751D582AA} = {33068D69-47E0-4E9C-BF15-749408949CBC}
		{07E845B7-51B6-4574-97FA-2EE2AAEA5C1A} = {33068D69-47E0-4E9C-BF15-749408949CBC}
		{FCAC95AB-33EB-45AA-9465-F9F24B468C16} = {33068D69-47E0-4E9C-BF15-749408949CBC}
		{0C12E545-D3B4-455F-A3C2-EC061117F8FB} = {568C7E32-574C-400C-B195-405AECDBDC10}
	EndGlobalSection
	GlobalSection(ExtensibilityGlobals) = postSolution
		SolutionGuid = {87BA004C-0661-4D1A-8F17-76F97515FEA0}
	EndGlobalSection
EndGlobal
